// !$*UTF8*$!
{
	archiveVersion = 1;
	classes = {
	};
	objectVersion = 56;
	objects = {

/* Begin PBXBuildFile section */
		6C81AD6E2AB6A7BF0015A9F7 /* RandomUsersApp.swift in Sources */ = {isa = PBXBuildFile; fileRef = 6C81AD6D2AB6A7BF0015A9F7 /* RandomUsersApp.swift */; };
		6C81AD702AB6A7BF0015A9F7 /* ContentView.swift in Sources */ = {isa = PBXBuildFile; fileRef = 6C81AD6F2AB6A7BF0015A9F7 /* ContentView.swift */; };
		6C81AD722AB6A7C10015A9F7 /* Assets.xcassets in Resources */ = {isa = PBXBuildFile; fileRef = 6C81AD712AB6A7C10015A9F7 /* Assets.xcassets */; };
		6C81AD752AB6A7C10015A9F7 /* Preview Assets.xcassets in Resources */ = {isa = PBXBuildFile; fileRef = 6C81AD742AB6A7C10015A9F7 /* Preview Assets.xcassets */; };
		6C81AD7C2AB6A9AF0015A9F7 /* UserFetchingClient.swift in Sources */ = {isa = PBXBuildFile; fileRef = 6C81AD7B2AB6A9AF0015A9F7 /* UserFetchingClient.swift */; };
		6C81AD7E2AB6B12B0015A9F7 /* UsersView.swift in Sources */ = {isa = PBXBuildFile; fileRef = 6C81AD7D2AB6B12B0015A9F7 /* UsersView.swift */; };
		6C81AD802ABAE8C30015A9F7 /* User.swift in Sources */ = {isa = PBXBuildFile; fileRef = 6C81AD7F2ABAE8C30015A9F7 /* User.swift */; };
		6C81ADBA2ABC1A100015A9F7 /* randomUsers.json in Resources */ = {isa = PBXBuildFile; fileRef = 6C81ADB92ABC1A100015A9F7 /* randomUsers.json */; };
		6C81ADC22ABC1B260015A9F7 /* RandomUsersTests.swift in Sources */ = {isa = PBXBuildFile; fileRef = 6C81ADC12ABC1B260015A9F7 /* RandomUsersTests.swift */; };
		6C81ADCF2ABC1B360015A9F7 /* RandomUsersUITests.swift in Sources */ = {isa = PBXBuildFile; fileRef = 6C81ADCE2ABC1B360015A9F7 /* RandomUsersUITests.swift */; };
		6C81ADD12ABC1B360015A9F7 /* RandomUsersUITestsLaunchTests.swift in Sources */ = {isa = PBXBuildFile; fileRef = 6C81ADD02ABC1B360015A9F7 /* RandomUsersUITestsLaunchTests.swift */; };
/* End PBXBuildFile section */

/* Begin PBXContainerItemProxy section */
		6C81ADC32ABC1B260015A9F7 /* PBXContainerItemProxy */ = {
			isa = PBXContainerItemProxy;
			containerPortal = 6C81AD622AB6A7BF0015A9F7 /* Project object */;
			proxyType = 1;
			remoteGlobalIDString = 6C81AD692AB6A7BF0015A9F7;
			remoteInfo = RandomUsers;
		};
		6C81ADD22ABC1B360015A9F7 /* PBXContainerItemProxy */ = {
			isa = PBXContainerItemProxy;
			containerPortal = 6C81AD622AB6A7BF0015A9F7 /* Project object */;
			proxyType = 1;
			remoteGlobalIDString = 6C81AD692AB6A7BF0015A9F7;
			remoteInfo = RandomUsers;
		};
/* End PBXContainerItemProxy section */

/* Begin PBXFileReference section */
		6C81AD6A2AB6A7BF0015A9F7 /* RandomUsers.app */ = {isa = PBXFileReference; explicitFileType = wrapper.application; includeInIndex = 0; path = RandomUsers.app; sourceTree = BUILT_PRODUCTS_DIR; };
		6C81AD6D2AB6A7BF0015A9F7 /* RandomUsersApp.swift */ = {isa = PBXFileReference; lastKnownFileType = sourcecode.swift; path = RandomUsersApp.swift; sourceTree = "<group>"; };
		6C81AD6F2AB6A7BF0015A9F7 /* ContentView.swift */ = {isa = PBXFileReference; lastKnownFileType = sourcecode.swift; path = ContentView.swift; sourceTree = "<group>"; };
		6C81AD712AB6A7C10015A9F7 /* Assets.xcassets */ = {isa = PBXFileReference; lastKnownFileType = folder.assetcatalog; path = Assets.xcassets; sourceTree = "<group>"; };
		6C81AD742AB6A7C10015A9F7 /* Preview Assets.xcassets */ = {isa = PBXFileReference; lastKnownFileType = folder.assetcatalog; path = "Preview Assets.xcassets"; sourceTree = "<group>"; };
		6C81AD7B2AB6A9AF0015A9F7 /* UserFetchingClient.swift */ = {isa = PBXFileReference; lastKnownFileType = sourcecode.swift; path = UserFetchingClient.swift; sourceTree = "<group>"; };
		6C81AD7D2AB6B12B0015A9F7 /* UsersView.swift */ = {isa = PBXFileReference; lastKnownFileType = sourcecode.swift; path = UsersView.swift; sourceTree = "<group>"; };
		6C81AD7F2ABAE8C30015A9F7 /* User.swift */ = {isa = PBXFileReference; lastKnownFileType = sourcecode.swift; path = User.swift; sourceTree = "<group>"; };
		6C81ADB92ABC1A100015A9F7 /* randomUsers.json */ = {isa = PBXFileReference; lastKnownFileType = text.json; path = randomUsers.json; sourceTree = "<group>"; };
		6C81ADBF2ABC1B260015A9F7 /* RandomUsersTests.xctest */ = {isa = PBXFileReference; explicitFileType = wrapper.cfbundle; includeInIndex = 0; path = RandomUsersTests.xctest; sourceTree = BUILT_PRODUCTS_DIR; };
		6C81ADC12ABC1B260015A9F7 /* RandomUsersTests.swift */ = {isa = PBXFileReference; lastKnownFileType = sourcecode.swift; path = RandomUsersTests.swift; sourceTree = "<group>"; };
		6C81ADCC2ABC1B360015A9F7 /* RandomUsersUITests.xctest */ = {isa = PBXFileReference; explicitFileType = wrapper.cfbundle; includeInIndex = 0; path = RandomUsersUITests.xctest; sourceTree = BUILT_PRODUCTS_DIR; };
		6C81ADCE2ABC1B360015A9F7 /* RandomUsersUITests.swift */ = {isa = PBXFileReference; lastKnownFileType = sourcecode.swift; path = RandomUsersUITests.swift; sourceTree = "<group>"; };
		6C81ADD02ABC1B360015A9F7 /* RandomUsersUITestsLaunchTests.swift */ = {isa = PBXFileReference; lastKnownFileType = sourcecode.swift; path = RandomUsersUITestsLaunchTests.swift; sourceTree = "<group>"; };
/* End PBXFileReference section */

/* Begin PBXFrameworksBuildPhase section */
		6C81AD672AB6A7BF0015A9F7 /* Frameworks */ = {
			isa = PBXFrameworksBuildPhase;
			buildActionMask = 2147483647;
			files = (
			);
			runOnlyForDeploymentPostprocessing = 0;
		};
		6C81ADBC2ABC1B260015A9F7 /* Frameworks */ = {
			isa = PBXFrameworksBuildPhase;
			buildActionMask = 2147483647;
			files = (
			);
			runOnlyForDeploymentPostprocessing = 0;
		};
		6C81ADC92ABC1B360015A9F7 /* Frameworks */ = {
			isa = PBXFrameworksBuildPhase;
			buildActionMask = 2147483647;
			files = (
			);
			runOnlyForDeploymentPostprocessing = 0;
		};
/* End PBXFrameworksBuildPhase section */

/* Begin PBXGroup section */
		6C81AD612AB6A7BF0015A9F7 = {
			isa = PBXGroup;
			children = (
				6C81ADB92ABC1A100015A9F7 /* randomUsers.json */,
				6C81AD6C2AB6A7BF0015A9F7 /* RandomUsers */,
				6C81ADC02ABC1B260015A9F7 /* RandomUsersTests */,
				6C81ADCD2ABC1B360015A9F7 /* RandomUsersUITests */,
				6C81AD6B2AB6A7BF0015A9F7 /* Products */,
			);
			sourceTree = "<group>";
		};
		6C81AD6B2AB6A7BF0015A9F7 /* Products */ = {
			isa = PBXGroup;
			children = (
				6C81AD6A2AB6A7BF0015A9F7 /* RandomUsers.app */,
				6C81ADBF2ABC1B260015A9F7 /* RandomUsersTests.xctest */,
				6C81ADCC2ABC1B360015A9F7 /* RandomUsersUITests.xctest */,
			);
			name = Products;
			sourceTree = "<group>";
		};
		6C81AD6C2AB6A7BF0015A9F7 /* RandomUsers */ = {
			isa = PBXGroup;
			children = (
				6C81AD6D2AB6A7BF0015A9F7 /* RandomUsersApp.swift */,
				6C81AD6F2AB6A7BF0015A9F7 /* ContentView.swift */,
				6C81AD7B2AB6A9AF0015A9F7 /* UserFetchingClient.swift */,
				6C81AD7F2ABAE8C30015A9F7 /* User.swift */,
				6C81AD7D2AB6B12B0015A9F7 /* UsersView.swift */,
				6C81AD712AB6A7C10015A9F7 /* Assets.xcassets */,
				6C81AD732AB6A7C10015A9F7 /* Preview Content */,
			);
			path = RandomUsers;
			sourceTree = "<group>";
		};
		6C81AD732AB6A7C10015A9F7 /* Preview Content */ = {
			isa = PBXGroup;
			children = (
				6C81AD742AB6A7C10015A9F7 /* Preview Assets.xcassets */,
			);
			path = "Preview Content";
			sourceTree = "<group>";
		};
		6C81ADC02ABC1B260015A9F7 /* RandomUsersTests */ = {
			isa = PBXGroup;
			children = (
				6C81ADC12ABC1B260015A9F7 /* RandomUsersTests.swift */,
			);
			path = RandomUsersTests;
			sourceTree = "<group>";
		};
		6C81ADCD2ABC1B360015A9F7 /* RandomUsersUITests */ = {
			isa = PBXGroup;
			children = (
				6C81ADCE2ABC1B360015A9F7 /* RandomUsersUITests.swift */,
				6C81ADD02ABC1B360015A9F7 /* RandomUsersUITestsLaunchTests.swift */,
			);
			path = RandomUsersUITests;
			sourceTree = "<group>";
		};
/* End PBXGroup section */

/* Begin PBXNativeTarget section */
		6C81AD692AB6A7BF0015A9F7 /* RandomUsers */ = {
			isa = PBXNativeTarget;
			buildConfigurationList = 6C81AD782AB6A7C10015A9F7 /* Build configuration list for PBXNativeTarget "RandomUsers" */;
			buildPhases = (
				6C81AD662AB6A7BF0015A9F7 /* Sources */,
				6C81AD672AB6A7BF0015A9F7 /* Frameworks */,
				6C81AD682AB6A7BF0015A9F7 /* Resources */,
			);
			buildRules = (
			);
			dependencies = (
			);
			name = RandomUsers;
			productName = RandomUsers;
			productReference = 6C81AD6A2AB6A7BF0015A9F7 /* RandomUsers.app */;
			productType = "com.apple.product-type.application";
		};
		6C81ADBE2ABC1B260015A9F7 /* RandomUsersTests */ = {
			isa = PBXNativeTarget;
			buildConfigurationList = 6C81ADC52ABC1B260015A9F7 /* Build configuration list for PBXNativeTarget "RandomUsersTests" */;
			buildPhases = (
				6C81ADBB2ABC1B260015A9F7 /* Sources */,
				6C81ADBC2ABC1B260015A9F7 /* Frameworks */,
				6C81ADBD2ABC1B260015A9F7 /* Resources */,
			);
			buildRules = (
			);
			dependencies = (
				6C81ADC42ABC1B260015A9F7 /* PBXTargetDependency */,
			);
			name = RandomUsersTests;
			productName = RandomUsersTests;
			productReference = 6C81ADBF2ABC1B260015A9F7 /* RandomUsersTests.xctest */;
			productType = "com.apple.product-type.bundle.unit-test";
		};
		6C81ADCB2ABC1B360015A9F7 /* RandomUsersUITests */ = {
			isa = PBXNativeTarget;
			buildConfigurationList = 6C81ADD42ABC1B360015A9F7 /* Build configuration list for PBXNativeTarget "RandomUsersUITests" */;
			buildPhases = (
				6C81ADC82ABC1B360015A9F7 /* Sources */,
				6C81ADC92ABC1B360015A9F7 /* Frameworks */,
				6C81ADCA2ABC1B360015A9F7 /* Resources */,
			);
			buildRules = (
			);
			dependencies = (
				6C81ADD32ABC1B360015A9F7 /* PBXTargetDependency */,
			);
			name = RandomUsersUITests;
			productName = RandomUsersUITests;
			productReference = 6C81ADCC2ABC1B360015A9F7 /* RandomUsersUITests.xctest */;
			productType = "com.apple.product-type.bundle.ui-testing";
		};
/* End PBXNativeTarget section */

/* Begin PBXProject section */
		6C81AD622AB6A7BF0015A9F7 /* Project object */ = {
			isa = PBXProject;
			attributes = {
				BuildIndependentTargetsInParallel = 1;
				LastSwiftUpdateCheck = 1430;
				LastUpgradeCheck = 1430;
				TargetAttributes = {
					6C81AD692AB6A7BF0015A9F7 = {
						CreatedOnToolsVersion = 14.3.1;
					};
					6C81ADBE2ABC1B260015A9F7 = {
						CreatedOnToolsVersion = 14.3.1;
						TestTargetID = 6C81AD692AB6A7BF0015A9F7;
					};
					6C81ADCB2ABC1B360015A9F7 = {
						CreatedOnToolsVersion = 14.3.1;
						TestTargetID = 6C81AD692AB6A7BF0015A9F7;
					};
				};
			};
			buildConfigurationList = 6C81AD652AB6A7BF0015A9F7 /* Build configuration list for PBXProject "RandomUsers" */;
			compatibilityVersion = "Xcode 14.0";
			developmentRegion = en;
			hasScannedForEncodings = 0;
			knownRegions = (
				en,
				Base,
			);
			mainGroup = 6C81AD612AB6A7BF0015A9F7;
			productRefGroup = 6C81AD6B2AB6A7BF0015A9F7 /* Products */;
			projectDirPath = "";
			projectRoot = "";
			targets = (
				6C81AD692AB6A7BF0015A9F7 /* RandomUsers */,
				6C81ADBE2ABC1B260015A9F7 /* RandomUsersTests */,
				6C81ADCB2ABC1B360015A9F7 /* RandomUsersUITests */,
			);
		};
/* End PBXProject section */

/* Begin PBXResourcesBuildPhase section */
		6C81AD682AB6A7BF0015A9F7 /* Resources */ = {
			isa = PBXResourcesBuildPhase;
			buildActionMask = 2147483647;
			files = (
				6C81AD752AB6A7C10015A9F7 /* Preview Assets.xcassets in Resources */,
				6C81AD722AB6A7C10015A9F7 /* Assets.xcassets in Resources */,
				6C81ADBA2ABC1A100015A9F7 /* randomUsers.json in Resources */,
			);
			runOnlyForDeploymentPostprocessing = 0;
		};
		6C81ADBD2ABC1B260015A9F7 /* Resources */ = {
			isa = PBXResourcesBuildPhase;
			buildActionMask = 2147483647;
			files = (
			);
			runOnlyForDeploymentPostprocessing = 0;
		};
		6C81ADCA2ABC1B360015A9F7 /* Resources */ = {
			isa = PBXResourcesBuildPhase;
			buildActionMask = 2147483647;
			files = (
			);
			runOnlyForDeploymentPostprocessing = 0;
		};
/* End PBXResourcesBuildPhase section */

/* Begin PBXSourcesBuildPhase section */
		6C81AD662AB6A7BF0015A9F7 /* Sources */ = {
			isa = PBXSourcesBuildPhase;
			buildActionMask = 2147483647;
			files = (
				6C81AD702AB6A7BF0015A9F7 /* ContentView.swift in Sources */,
				6C81AD6E2AB6A7BF0015A9F7 /* RandomUsersApp.swift in Sources */,
				6C81AD7C2AB6A9AF0015A9F7 /* UserFetchingClient.swift in Sources */,
				6C81AD802ABAE8C30015A9F7 /* User.swift in Sources */,
				6C81AD7E2AB6B12B0015A9F7 /* UsersView.swift in Sources */,
			);
			runOnlyForDeploymentPostprocessing = 0;
		};
		6C81ADBB2ABC1B260015A9F7 /* Sources */ = {
			isa = PBXSourcesBuildPhase;
			buildActionMask = 2147483647;
			files = (
				6C81ADC22ABC1B260015A9F7 /* RandomUsersTests.swift in Sources */,
			);
			runOnlyForDeploymentPostprocessing = 0;
		};
		6C81ADC82ABC1B360015A9F7 /* Sources */ = {
			isa = PBXSourcesBuildPhase;
			buildActionMask = 2147483647;
			files = (
				6C81ADD12ABC1B360015A9F7 /* RandomUsersUITestsLaunchTests.swift in Sources */,
				6C81ADCF2ABC1B360015A9F7 /* RandomUsersUITests.swift in Sources */,
			);
			runOnlyForDeploymentPostprocessing = 0;
		};
/* End PBXSourcesBuildPhase section */

/* Begin PBXTargetDependency section */
		6C81ADC42ABC1B260015A9F7 /* PBXTargetDependency */ = {
			isa = PBXTargetDependency;
			target = 6C81AD692AB6A7BF0015A9F7 /* RandomUsers */;
			targetProxy = 6C81ADC32ABC1B260015A9F7 /* PBXContainerItemProxy */;
		};
		6C81ADD32ABC1B360015A9F7 /* PBXTargetDependency */ = {
			isa = PBXTargetDependency;
			target = 6C81AD692AB6A7BF0015A9F7 /* RandomUsers */;
			targetProxy = 6C81ADD22ABC1B360015A9F7 /* PBXContainerItemProxy */;
		};
/* End PBXTargetDependency section */

/* Begin XCBuildConfiguration section */
		6C81AD762AB6A7C10015A9F7 /* Debug */ = {
			isa = XCBuildConfiguration;
			buildSettings = {
				ALWAYS_SEARCH_USER_PATHS = NO;
				CLANG_ANALYZER_NONNULL = YES;
				CLANG_ANALYZER_NUMBER_OBJECT_CONVERSION = YES_AGGRESSIVE;
				CLANG_CXX_LANGUAGE_STANDARD = "gnu++20";
				CLANG_ENABLE_MODULES = YES;
				CLANG_ENABLE_OBJC_ARC = YES;
				CLANG_ENABLE_OBJC_WEAK = YES;
				CLANG_WARN_BLOCK_CAPTURE_AUTORELEASING = YES;
				CLANG_WARN_BOOL_CONVERSION = YES;
				CLANG_WARN_COMMA = YES;
				CLANG_WARN_CONSTANT_CONVERSION = YES;
				CLANG_WARN_DEPRECATED_OBJC_IMPLEMENTATIONS = YES;
				CLANG_WARN_DIRECT_OBJC_ISA_USAGE = YES_ERROR;
				CLANG_WARN_DOCUMENTATION_COMMENTS = YES;
				CLANG_WARN_EMPTY_BODY = YES;
				CLANG_WARN_ENUM_CONVERSION = YES;
				CLANG_WARN_INFINITE_RECURSION = YES;
				CLANG_WARN_INT_CONVERSION = YES;
				CLANG_WARN_NON_LITERAL_NULL_CONVERSION = YES;
				CLANG_WARN_OBJC_IMPLICIT_RETAIN_SELF = YES;
				CLANG_WARN_OBJC_LITERAL_CONVERSION = YES;
				CLANG_WARN_OBJC_ROOT_CLASS = YES_ERROR;
				CLANG_WARN_QUOTED_INCLUDE_IN_FRAMEWORK_HEADER = YES;
				CLANG_WARN_RANGE_LOOP_ANALYSIS = YES;
				CLANG_WARN_STRICT_PROTOTYPES = YES;
				CLANG_WARN_SUSPICIOUS_MOVE = YES;
				CLANG_WARN_UNGUARDED_AVAILABILITY = YES_AGGRESSIVE;
				CLANG_WARN_UNREACHABLE_CODE = YES;
				CLANG_WARN__DUPLICATE_METHOD_MATCH = YES;
				COPY_PHASE_STRIP = NO;
				DEBUG_INFORMATION_FORMAT = dwarf;
				ENABLE_STRICT_OBJC_MSGSEND = YES;
				ENABLE_TESTABILITY = YES;
				GCC_C_LANGUAGE_STANDARD = gnu11;
				GCC_DYNAMIC_NO_PIC = NO;
				GCC_NO_COMMON_BLOCKS = YES;
				GCC_OPTIMIZATION_LEVEL = 0;
				GCC_PREPROCESSOR_DEFINITIONS = (
					"DEBUG=1",
					"$(inherited)",
				);
				GCC_WARN_64_TO_32_BIT_CONVERSION = YES;
				GCC_WARN_ABOUT_RETURN_TYPE = YES_ERROR;
				GCC_WARN_UNDECLARED_SELECTOR = YES;
				GCC_WARN_UNINITIALIZED_AUTOS = YES_AGGRESSIVE;
				GCC_WARN_UNUSED_FUNCTION = YES;
				GCC_WARN_UNUSED_VARIABLE = YES;
				IPHONEOS_DEPLOYMENT_TARGET = 16.4;
				MTL_ENABLE_DEBUG_INFO = INCLUDE_SOURCE;
				MTL_FAST_MATH = YES;
				ONLY_ACTIVE_ARCH = YES;
				SDKROOT = iphoneos;
				SWIFT_ACTIVE_COMPILATION_CONDITIONS = DEBUG;
				SWIFT_OPTIMIZATION_LEVEL = "-Onone";
			};
			name = Debug;
		};
		6C81AD772AB6A7C10015A9F7 /* Release */ = {
			isa = XCBuildConfiguration;
			buildSettings = {
				ALWAYS_SEARCH_USER_PATHS = NO;
				CLANG_ANALYZER_NONNULL = YES;
				CLANG_ANALYZER_NUMBER_OBJECT_CONVERSION = YES_AGGRESSIVE;
				CLANG_CXX_LANGUAGE_STANDARD = "gnu++20";
				CLANG_ENABLE_MODULES = YES;
				CLANG_ENABLE_OBJC_ARC = YES;
				CLANG_ENABLE_OBJC_WEAK = YES;
				CLANG_WARN_BLOCK_CAPTURE_AUTORELEASING = YES;
				CLANG_WARN_BOOL_CONVERSION = YES;
				CLANG_WARN_COMMA = YES;
				CLANG_WARN_CONSTANT_CONVERSION = YES;
				CLANG_WARN_DEPRECATED_OBJC_IMPLEMENTATIONS = YES;
				CLANG_WARN_DIRECT_OBJC_ISA_USAGE = YES_ERROR;
				CLANG_WARN_DOCUMENTATION_COMMENTS = YES;
				CLANG_WARN_EMPTY_BODY = YES;
				CLANG_WARN_ENUM_CONVERSION = YES;
				CLANG_WARN_INFINITE_RECURSION = YES;
				CLANG_WARN_INT_CONVERSION = YES;
				CLANG_WARN_NON_LITERAL_NULL_CONVERSION = YES;
				CLANG_WARN_OBJC_IMPLICIT_RETAIN_SELF = YES;
				CLANG_WARN_OBJC_LITERAL_CONVERSION = YES;
				CLANG_WARN_OBJC_ROOT_CLASS = YES_ERROR;
				CLANG_WARN_QUOTED_INCLUDE_IN_FRAMEWORK_HEADER = YES;
				CLANG_WARN_RANGE_LOOP_ANALYSIS = YES;
				CLANG_WARN_STRICT_PROTOTYPES = YES;
				CLANG_WARN_SUSPICIOUS_MOVE = YES;
				CLANG_WARN_UNGUARDED_AVAILABILITY = YES_AGGRESSIVE;
				CLANG_WARN_UNREACHABLE_CODE = YES;
				CLANG_WARN__DUPLICATE_METHOD_MATCH = YES;
				COPY_PHASE_STRIP = NO;
				DEBUG_INFORMATION_FORMAT = "dwarf-with-dsym";
				ENABLE_NS_ASSERTIONS = NO;
				ENABLE_STRICT_OBJC_MSGSEND = YES;
				GCC_C_LANGUAGE_STANDARD = gnu11;
				GCC_NO_COMMON_BLOCKS = YES;
				GCC_WARN_64_TO_32_BIT_CONVERSION = YES;
				GCC_WARN_ABOUT_RETURN_TYPE = YES_ERROR;
				GCC_WARN_UNDECLARED_SELECTOR = YES;
				GCC_WARN_UNINITIALIZED_AUTOS = YES_AGGRESSIVE;
				GCC_WARN_UNUSED_FUNCTION = YES;
				GCC_WARN_UNUSED_VARIABLE = YES;
				IPHONEOS_DEPLOYMENT_TARGET = 16.4;
				MTL_ENABLE_DEBUG_INFO = NO;
				MTL_FAST_MATH = YES;
				SDKROOT = iphoneos;
				SWIFT_COMPILATION_MODE = wholemodule;
				SWIFT_OPTIMIZATION_LEVEL = "-O";
				VALIDATE_PRODUCT = YES;
			};
			name = Release;
		};
		6C81AD792AB6A7C10015A9F7 /* Debug */ = {
			isa = XCBuildConfiguration;
			buildSettings = {
				ASSETCATALOG_COMPILER_APPICON_NAME = AppIcon;
				ASSETCATALOG_COMPILER_GLOBAL_ACCENT_COLOR_NAME = AccentColor;
				CODE_SIGN_STYLE = Automatic;
				CURRENT_PROJECT_VERSION = 1;
				DEVELOPMENT_ASSET_PATHS = "\"RandomUsers/Preview Content\"";
				ENABLE_PREVIEWS = YES;
				GENERATE_INFOPLIST_FILE = YES;
				INFOPLIST_KEY_UIApplicationSceneManifest_Generation = YES;
				INFOPLIST_KEY_UIApplicationSupportsIndirectInputEvents = YES;
				INFOPLIST_KEY_UILaunchScreen_Generation = YES;
				INFOPLIST_KEY_UISupportedInterfaceOrientations_iPad = "UIInterfaceOrientationPortrait UIInterfaceOrientationPortraitUpsideDown UIInterfaceOrientationLandscapeLeft UIInterfaceOrientationLandscapeRight";
				INFOPLIST_KEY_UISupportedInterfaceOrientations_iPhone = "UIInterfaceOrientationPortrait UIInterfaceOrientationLandscapeLeft UIInterfaceOrientationLandscapeRight";
				LD_RUNPATH_SEARCH_PATHS = (
					"$(inherited)",
					"@executable_path/Frameworks",
				);
				MARKETING_VERSION = 1.0;
				PRODUCT_BUNDLE_IDENTIFIER = com.kennethrathbun.RandomUsers;
				PRODUCT_NAME = "$(TARGET_NAME)";
				SWIFT_EMIT_LOC_STRINGS = YES;
				SWIFT_VERSION = 5.0;
				TARGETED_DEVICE_FAMILY = "1,2";
			};
			name = Debug;
		};
		6C81AD7A2AB6A7C10015A9F7 /* Release */ = {
			isa = XCBuildConfiguration;
			buildSettings = {
				ASSETCATALOG_COMPILER_APPICON_NAME = AppIcon;
				ASSETCATALOG_COMPILER_GLOBAL_ACCENT_COLOR_NAME = AccentColor;
				CODE_SIGN_STYLE = Automatic;
				CURRENT_PROJECT_VERSION = 1;
				DEVELOPMENT_ASSET_PATHS = "\"RandomUsers/Preview Content\"";
				ENABLE_PREVIEWS = YES;
				GENERATE_INFOPLIST_FILE = YES;
				INFOPLIST_KEY_UIApplicationSceneManifest_Generation = YES;
				INFOPLIST_KEY_UIApplicationSupportsIndirectInputEvents = YES;
				INFOPLIST_KEY_UILaunchScreen_Generation = YES;
				INFOPLIST_KEY_UISupportedInterfaceOrientations_iPad = "UIInterfaceOrientationPortrait UIInterfaceOrientationPortraitUpsideDown UIInterfaceOrientationLandscapeLeft UIInterfaceOrientationLandscapeRight";
				INFOPLIST_KEY_UISupportedInterfaceOrientations_iPhone = "UIInterfaceOrientationPortrait UIInterfaceOrientationLandscapeLeft UIInterfaceOrientationLandscapeRight";
				LD_RUNPATH_SEARCH_PATHS = (
					"$(inherited)",
					"@executable_path/Frameworks",
				);
				MARKETING_VERSION = 1.0;
				PRODUCT_BUNDLE_IDENTIFIER = com.kennethrathbun.RandomUsers;
				PRODUCT_NAME = "$(TARGET_NAME)";
				SWIFT_EMIT_LOC_STRINGS = YES;
				SWIFT_VERSION = 5.0;
				TARGETED_DEVICE_FAMILY = "1,2";
			};
			name = Release;
		};
		6C81ADC62ABC1B260015A9F7 /* Debug */ = {
			isa = XCBuildConfiguration;
			buildSettings = {
				BUNDLE_LOADER = "$(TEST_HOST)";
				CODE_SIGN_STYLE = Automatic;
				CURRENT_PROJECT_VERSION = 1;
				GENERATE_INFOPLIST_FILE = YES;
				MARKETING_VERSION = 1.0;
				PRODUCT_BUNDLE_IDENTIFIER = com.kennethrathbun.RandomUsersTests;
				PRODUCT_NAME = "$(TARGET_NAME)";
				SWIFT_EMIT_LOC_STRINGS = NO;
				SWIFT_VERSION = 5.0;
				TARGETED_DEVICE_FAMILY = "1,2";
				TEST_HOST = "$(BUILT_PRODUCTS_DIR)/RandomUsers.app/$(BUNDLE_EXECUTABLE_FOLDER_PATH)/RandomUsers";
			};
			name = Debug;
		};
		6C81ADC72ABC1B260015A9F7 /* Release */ = {
			isa = XCBuildConfiguration;
			buildSettings = {
				BUNDLE_LOADER = "$(TEST_HOST)";
				CODE_SIGN_STYLE = Automatic;
				CURRENT_PROJECT_VERSION = 1;
				GENERATE_INFOPLIST_FILE = YES;
				MARKETING_VERSION = 1.0;
				PRODUCT_BUNDLE_IDENTIFIER = com.kennethrathbun.RandomUsersTests;
				PRODUCT_NAME = "$(TARGET_NAME)";
				SWIFT_EMIT_LOC_STRINGS = NO;
				SWIFT_VERSION = 5.0;
				TARGETED_DEVICE_FAMILY = "1,2";
				TEST_HOST = "$(BUILT_PRODUCTS_DIR)/RandomUsers.app/$(BUNDLE_EXECUTABLE_FOLDER_PATH)/RandomUsers";
			};
			name = Release;
		};
		6C81ADD52ABC1B360015A9F7 /* Debug */ = {
			isa = XCBuildConfiguration;
			buildSettings = {
				CODE_SIGN_STYLE = Automatic;
				CURRENT_PROJECT_VERSION = 1;
				GENERATE_INFOPLIST_FILE = YES;
				MARKETING_VERSION = 1.0;
				PRODUCT_BUNDLE_IDENTIFIER = com.kennethrathbun.RandomUsersUITests;
				PRODUCT_NAME = "$(TARGET_NAME)";
				SWIFT_EMIT_LOC_STRINGS = NO;
				SWIFT_VERSION = 5.0;
				TARGETED_DEVICE_FAMILY = "1,2";
				TEST_TARGET_NAME = RandomUsers;
			};
			name = Debug;
		};
		6C81ADD62ABC1B360015A9F7 /* Release */ = {
			isa = XCBuildConfiguration;
			buildSettings = {
				CODE_SIGN_STYLE = Automatic;
				CURRENT_PROJECT_VERSION = 1;
				GENERATE_INFOPLIST_FILE = YES;
				MARKETING_VERSION = 1.0;
				PRODUCT_BUNDLE_IDENTIFIER = com.kennethrathbun.RandomUsersUITests;
				PRODUCT_NAME = "$(TARGET_NAME)";
				SWIFT_EMIT_LOC_STRINGS = NO;
				SWIFT_VERSION = 5.0;
				TARGETED_DEVICE_FAMILY = "1,2";
				TEST_TARGET_NAME = RandomUsers;
			};
			name = Release;
		};
/* End XCBuildConfiguration section */

/* Begin XCConfigurationList section */
		6C81AD652AB6A7BF0015A9F7 /* Build configuration list for PBXProject "RandomUsers" */ = {
			isa = XCConfigurationList;
			buildConfigurations = (
				6C81AD762AB6A7C10015A9F7 /* Debug */,
				6C81AD772AB6A7C10015A9F7 /* Release */,
			);
			defaultConfigurationIsVisible = 0;
			defaultConfigurationName = Release;
		};
		6C81AD782AB6A7C10015A9F7 /* Build configuration list for PBXNativeTarget "RandomUsers" */ = {
			isa = XCConfigurationList;
			buildConfigurations = (
				6C81AD792AB6A7C10015A9F7 /* Debug */,
				6C81AD7A2AB6A7C10015A9F7 /* Release */,
			);
			defaultConfigurationIsVisible = 0;
			defaultConfigurationName = Release;
		};
		6C81ADC52ABC1B260015A9F7 /* Build configuration list for PBXNativeTarget "RandomUsersTests" */ = {
			isa = XCConfigurationList;
			buildConfigurations = (
				6C81ADC62ABC1B260015A9F7 /* Debug */,
				6C81ADC72ABC1B260015A9F7 /* Release */,
			);
			defaultConfigurationIsVisible = 0;
			defaultConfigurationName = Release;
		};
		6C81ADD42ABC1B360015A9F7 /* Build configuration list for PBXNativeTarget "RandomUsersUITests" */ = {
			isa = XCConfigurationList;
			buildConfigurations = (
				6C81ADD52ABC1B360015A9F7 /* Debug */,
				6C81ADD62ABC1B360015A9F7 /* Release */,
			);
			defaultConfigurationIsVisible = 0;
			defaultConfigurationName = Release;
		};
/* End XCConfigurationList section */
	};
	rootObject = 6C81AD622AB6A7BF0015A9F7 /* Project object */;
}
